// !$*UTF8*$!
{
	archiveVersion = 1;
	classes = {
	};
	objectVersion = 50;
	objects = {

/* Begin PBXBuildFile section */
		1AEED07820FB0EC7002498D6 /* AppDelegate.swift in Sources */ = {isa = PBXBuildFile; fileRef = 1AEED07720FB0EC7002498D6 /* AppDelegate.swift */; };
		1AEED07A20FB0EC7002498D6 /* ViewController.swift in Sources */ = {isa = PBXBuildFile; fileRef = 1AEED07920FB0EC7002498D6 /* ViewController.swift */; };
		1AEED07D20FB0EC7002498D6 /* Main.storyboard in Resources */ = {isa = PBXBuildFile; fileRef = 1AEED07B20FB0EC7002498D6 /* Main.storyboard */; };
		1AEED07F20FB0ECB002498D6 /* Assets.xcassets in Resources */ = {isa = PBXBuildFile; fileRef = 1AEED07E20FB0ECB002498D6 /* Assets.xcassets */; };
		1AEED08220FB0ECB002498D6 /* LaunchScreen.storyboard in Resources */ = {isa = PBXBuildFile; fileRef = 1AEED08020FB0ECB002498D6 /* LaunchScreen.storyboard */; };
		1AEED08D20FB0ECB002498D6 /* appworkTests.swift in Sources */ = {isa = PBXBuildFile; fileRef = 1AEED08C20FB0ECB002498D6 /* appworkTests.swift */; };
		1AEED09820FB0ECB002498D6 /* appworkUITests.swift in Sources */ = {isa = PBXBuildFile; fileRef = 1AEED09720FB0ECB002498D6 /* appworkUITests.swift */; };
		1AEED0A620FB2437002498D6 /* GoogleService-Info.plist in Resources */ = {isa = PBXBuildFile; fileRef = 1AEED0A520FB2437002498D6 /* GoogleService-Info.plist */; };
		1AEED0A720FB2437002498D6 /* GoogleService-Info.plist in Resources */ = {isa = PBXBuildFile; fileRef = 1AEED0A520FB2437002498D6 /* GoogleService-Info.plist */; };
		1AEED0A820FB2437002498D6 /* GoogleService-Info.plist in Resources */ = {isa = PBXBuildFile; fileRef = 1AEED0A520FB2437002498D6 /* GoogleService-Info.plist */; };
		29E855D586DB3B158854C1C2 /* Pods_appworkTests.framework in Frameworks */ = {isa = PBXBuildFile; fileRef = 7901148ADB7A50AA7E5B60C7 /* Pods_appworkTests.framework */; };
		B58E4301FFF13B4D17941ECE /* Pods_appwork.framework in Frameworks */ = {isa = PBXBuildFile; fileRef = 938D627A430C6AC898C4D70D /* Pods_appwork.framework */; };
		D66B890CAA33A596995F549D /* Pods_appworkUITests.framework in Frameworks */ = {isa = PBXBuildFile; fileRef = D072151A10E8BBEADC350283 /* Pods_appworkUITests.framework */; };
/* End PBXBuildFile section */

/* Begin PBXContainerItemProxy section */
		1AEED08920FB0ECB002498D6 /* PBXContainerItemProxy */ = {
			isa = PBXContainerItemProxy;
			containerPortal = 1AEED06C20FB0EC7002498D6 /* Project object */;
			proxyType = 1;
			remoteGlobalIDString = 1AEED07320FB0EC7002498D6;
			remoteInfo = appwork;
		};
		1AEED09420FB0ECB002498D6 /* PBXContainerItemProxy */ = {
			isa = PBXContainerItemProxy;
			containerPortal = 1AEED06C20FB0EC7002498D6 /* Project object */;
			proxyType = 1;
			remoteGlobalIDString = 1AEED07320FB0EC7002498D6;
			remoteInfo = appwork;
		};
/* End PBXContainerItemProxy section */

/* Begin PBXFileReference section */
		1AEED07420FB0EC7002498D6 /* appwork.app */ = {isa = PBXFileReference; explicitFileType = wrapper.application; includeInIndex = 0; path = appwork.app; sourceTree = BUILT_PRODUCTS_DIR; };
		1AEED07720FB0EC7002498D6 /* AppDelegate.swift */ = {isa = PBXFileReference; lastKnownFileType = sourcecode.swift; path = AppDelegate.swift; sourceTree = "<group>"; };
		1AEED07920FB0EC7002498D6 /* ViewController.swift */ = {isa = PBXFileReference; lastKnownFileType = sourcecode.swift; path = ViewController.swift; sourceTree = "<group>"; };
		1AEED07C20FB0EC7002498D6 /* Base */ = {isa = PBXFileReference; lastKnownFileType = file.storyboard; name = Base; path = Base.lproj/Main.storyboard; sourceTree = "<group>"; };
		1AEED07E20FB0ECB002498D6 /* Assets.xcassets */ = {isa = PBXFileReference; lastKnownFileType = folder.assetcatalog; path = Assets.xcassets; sourceTree = "<group>"; };
		1AEED08120FB0ECB002498D6 /* Base */ = {isa = PBXFileReference; lastKnownFileType = file.storyboard; name = Base; path = Base.lproj/LaunchScreen.storyboard; sourceTree = "<group>"; };
		1AEED08320FB0ECB002498D6 /* Info.plist */ = {isa = PBXFileReference; lastKnownFileType = text.plist.xml; path = Info.plist; sourceTree = "<group>"; };
		1AEED08820FB0ECB002498D6 /* appworkTests.xctest */ = {isa = PBXFileReference; explicitFileType = wrapper.cfbundle; includeInIndex = 0; path = appworkTests.xctest; sourceTree = BUILT_PRODUCTS_DIR; };
		1AEED08C20FB0ECB002498D6 /* appworkTests.swift */ = {isa = PBXFileReference; lastKnownFileType = sourcecode.swift; path = appworkTests.swift; sourceTree = "<group>"; };
		1AEED08E20FB0ECB002498D6 /* Info.plist */ = {isa = PBXFileReference; lastKnownFileType = text.plist.xml; path = Info.plist; sourceTree = "<group>"; };
		1AEED09320FB0ECB002498D6 /* appworkUITests.xctest */ = {isa = PBXFileReference; explicitFileType = wrapper.cfbundle; includeInIndex = 0; path = appworkUITests.xctest; sourceTree = BUILT_PRODUCTS_DIR; };
		1AEED09720FB0ECB002498D6 /* appworkUITests.swift */ = {isa = PBXFileReference; lastKnownFileType = sourcecode.swift; path = appworkUITests.swift; sourceTree = "<group>"; };
		1AEED09920FB0ECB002498D6 /* Info.plist */ = {isa = PBXFileReference; lastKnownFileType = text.plist.xml; path = Info.plist; sourceTree = "<group>"; };
		1AEED0A520FB2437002498D6 /* GoogleService-Info.plist */ = {isa = PBXFileReference; fileEncoding = 4; lastKnownFileType = text.plist.xml; name = "GoogleService-Info.plist"; path = "../../../../Downloads/GoogleService-Info.plist"; sourceTree = "<group>"; };
		504B3333E81015E6314068A8 /* Pods-appworkUITests.debug.xcconfig */ = {isa = PBXFileReference; includeInIndex = 1; lastKnownFileType = text.xcconfig; name = "Pods-appworkUITests.debug.xcconfig"; path = "Pods/Target Support Files/Pods-appworkUITests/Pods-appworkUITests.debug.xcconfig"; sourceTree = "<group>"; };
		5F1E3934B2792276A5E2BD04 /* Pods-appworkTests.release.xcconfig */ = {isa = PBXFileReference; includeInIndex = 1; lastKnownFileType = text.xcconfig; name = "Pods-appworkTests.release.xcconfig"; path = "Pods/Target Support Files/Pods-appworkTests/Pods-appworkTests.release.xcconfig"; sourceTree = "<group>"; };
		7901148ADB7A50AA7E5B60C7 /* Pods_appworkTests.framework */ = {isa = PBXFileReference; explicitFileType = wrapper.framework; includeInIndex = 0; path = Pods_appworkTests.framework; sourceTree = BUILT_PRODUCTS_DIR; };
		86A58F98B50999D7F932B087 /* Pods-appworkUITests.release.xcconfig */ = {isa = PBXFileReference; includeInIndex = 1; lastKnownFileType = text.xcconfig; name = "Pods-appworkUITests.release.xcconfig"; path = "Pods/Target Support Files/Pods-appworkUITests/Pods-appworkUITests.release.xcconfig"; sourceTree = "<group>"; };
		938D627A430C6AC898C4D70D /* Pods_appwork.framework */ = {isa = PBXFileReference; explicitFileType = wrapper.framework; includeInIndex = 0; path = Pods_appwork.framework; sourceTree = BUILT_PRODUCTS_DIR; };
		B34788F0EA81D763A5BCA7A7 /* Pods-appwork.debug.xcconfig */ = {isa = PBXFileReference; includeInIndex = 1; lastKnownFileType = text.xcconfig; name = "Pods-appwork.debug.xcconfig"; path = "Pods/Target Support Files/Pods-appwork/Pods-appwork.debug.xcconfig"; sourceTree = "<group>"; };
		D0461B0A3A1468547D7B241D /* Pods-appworkTests.debug.xcconfig */ = {isa = PBXFileReference; includeInIndex = 1; lastKnownFileType = text.xcconfig; name = "Pods-appworkTests.debug.xcconfig"; path = "Pods/Target Support Files/Pods-appworkTests/Pods-appworkTests.debug.xcconfig"; sourceTree = "<group>"; };
		D072151A10E8BBEADC350283 /* Pods_appworkUITests.framework */ = {isa = PBXFileReference; explicitFileType = wrapper.framework; includeInIndex = 0; path = Pods_appworkUITests.framework; sourceTree = BUILT_PRODUCTS_DIR; };
		EAD604E382A67B6B7A066CDB /* Pods-appwork.release.xcconfig */ = {isa = PBXFileReference; includeInIndex = 1; lastKnownFileType = text.xcconfig; name = "Pods-appwork.release.xcconfig"; path = "Pods/Target Support Files/Pods-appwork/Pods-appwork.release.xcconfig"; sourceTree = "<group>"; };
/* End PBXFileReference section */

/* Begin PBXFrameworksBuildPhase section */
		1AEED07120FB0EC7002498D6 /* Frameworks */ = {
			isa = PBXFrameworksBuildPhase;
			buildActionMask = 2147483647;
			files = (
				B58E4301FFF13B4D17941ECE /* Pods_appwork.framework in Frameworks */,
			);
			runOnlyForDeploymentPostprocessing = 0;
		};
		1AEED08520FB0ECB002498D6 /* Frameworks */ = {
			isa = PBXFrameworksBuildPhase;
			buildActionMask = 2147483647;
			files = (
				29E855D586DB3B158854C1C2 /* Pods_appworkTests.framework in Frameworks */,
			);
			runOnlyForDeploymentPostprocessing = 0;
		};
		1AEED09020FB0ECB002498D6 /* Frameworks */ = {
			isa = PBXFrameworksBuildPhase;
			buildActionMask = 2147483647;
			files = (
				D66B890CAA33A596995F549D /* Pods_appworkUITests.framework in Frameworks */,
			);
			runOnlyForDeploymentPostprocessing = 0;
		};
/* End PBXFrameworksBuildPhase section */

/* Begin PBXGroup section */
		100F75DA7277EFBC841B0DF4 /* Frameworks */ = {
			isa = PBXGroup;
			children = (
				938D627A430C6AC898C4D70D /* Pods_appwork.framework */,
				7901148ADB7A50AA7E5B60C7 /* Pods_appworkTests.framework */,
				D072151A10E8BBEADC350283 /* Pods_appworkUITests.framework */,
			);
			name = Frameworks;
			sourceTree = "<group>";
		};
		1AEED06B20FB0EC7002498D6 = {
			isa = PBXGroup;
			children = (
				1AEED07620FB0EC7002498D6 /* appwork */,
				1AEED08B20FB0ECB002498D6 /* appworkTests */,
				1AEED09620FB0ECB002498D6 /* appworkUITests */,
				1AEED07520FB0EC7002498D6 /* Products */,
				330E2A8310A554C1412D8675 /* Pods */,
				100F75DA7277EFBC841B0DF4 /* Frameworks */,
			);
			sourceTree = "<group>";
		};
		1AEED07520FB0EC7002498D6 /* Products */ = {
			isa = PBXGroup;
			children = (
				1AEED07420FB0EC7002498D6 /* appwork.app */,
				1AEED08820FB0ECB002498D6 /* appworkTests.xctest */,
				1AEED09320FB0ECB002498D6 /* appworkUITests.xctest */,
			);
			name = Products;
			sourceTree = "<group>";
		};
		1AEED07620FB0EC7002498D6 /* appwork */ = {
			isa = PBXGroup;
			children = (
				1AEED07720FB0EC7002498D6 /* AppDelegate.swift */,
				1AEED07920FB0EC7002498D6 /* ViewController.swift */,
				1AEED07B20FB0EC7002498D6 /* Main.storyboard */,
				1AEED07E20FB0ECB002498D6 /* Assets.xcassets */,
				1AEED08020FB0ECB002498D6 /* LaunchScreen.storyboard */,
				1AEED08320FB0ECB002498D6 /* Info.plist */,
				1AEED0A520FB2437002498D6 /* GoogleService-Info.plist */,
			);
			path = appwork;
			sourceTree = "<group>";
		};
		1AEED08B20FB0ECB002498D6 /* appworkTests */ = {
			isa = PBXGroup;
			children = (
				1AEED08C20FB0ECB002498D6 /* appworkTests.swift */,
				1AEED08E20FB0ECB002498D6 /* Info.plist */,
			);
			path = appworkTests;
			sourceTree = "<group>";
		};
		1AEED09620FB0ECB002498D6 /* appworkUITests */ = {
			isa = PBXGroup;
			children = (
				1AEED09720FB0ECB002498D6 /* appworkUITests.swift */,
				1AEED09920FB0ECB002498D6 /* Info.plist */,
			);
			path = appworkUITests;
			sourceTree = "<group>";
		};
		330E2A8310A554C1412D8675 /* Pods */ = {
			isa = PBXGroup;
			children = (
				B34788F0EA81D763A5BCA7A7 /* Pods-appwork.debug.xcconfig */,
				EAD604E382A67B6B7A066CDB /* Pods-appwork.release.xcconfig */,
				D0461B0A3A1468547D7B241D /* Pods-appworkTests.debug.xcconfig */,
				5F1E3934B2792276A5E2BD04 /* Pods-appworkTests.release.xcconfig */,
				504B3333E81015E6314068A8 /* Pods-appworkUITests.debug.xcconfig */,
				86A58F98B50999D7F932B087 /* Pods-appworkUITests.release.xcconfig */,
			);
			name = Pods;
			sourceTree = "<group>";
		};
/* End PBXGroup section */

/* Begin PBXNativeTarget section */
		1AEED07320FB0EC7002498D6 /* appwork */ = {
			isa = PBXNativeTarget;
			buildConfigurationList = 1AEED09C20FB0ECB002498D6 /* Build configuration list for PBXNativeTarget "appwork" */;
			buildPhases = (
				2B77BB0B70ED375E18FDE158 /* [CP] Check Pods Manifest.lock */,
				1AEED07020FB0EC7002498D6 /* Sources */,
				1AEED07120FB0EC7002498D6 /* Frameworks */,
				1AEED07220FB0EC7002498D6 /* Resources */,
				002E403F4491A116B6CADC62 /* [CP] Embed Pods Frameworks */,
			);
			buildRules = (
			);
			dependencies = (
			);
			name = appwork;
			productName = appwork;
			productReference = 1AEED07420FB0EC7002498D6 /* appwork.app */;
			productType = "com.apple.product-type.application";
		};
		1AEED08720FB0ECB002498D6 /* appworkTests */ = {
			isa = PBXNativeTarget;
			buildConfigurationList = 1AEED09F20FB0ECB002498D6 /* Build configuration list for PBXNativeTarget "appworkTests" */;
			buildPhases = (
				590BCE1BA5FFFE9D1ACF9CA6 /* [CP] Check Pods Manifest.lock */,
				1AEED08420FB0ECB002498D6 /* Sources */,
				1AEED08520FB0ECB002498D6 /* Frameworks */,
				1AEED08620FB0ECB002498D6 /* Resources */,
			);
			buildRules = (
			);
			dependencies = (
				1AEED08A20FB0ECB002498D6 /* PBXTargetDependency */,
			);
			name = appworkTests;
			productName = appworkTests;
			productReference = 1AEED08820FB0ECB002498D6 /* appworkTests.xctest */;
			productType = "com.apple.product-type.bundle.unit-test";
		};
		1AEED09220FB0ECB002498D6 /* appworkUITests */ = {
			isa = PBXNativeTarget;
			buildConfigurationList = 1AEED0A220FB0ECB002498D6 /* Build configuration list for PBXNativeTarget "appworkUITests" */;
			buildPhases = (
				47836F63928A287315E129E7 /* [CP] Check Pods Manifest.lock */,
				1AEED08F20FB0ECB002498D6 /* Sources */,
				1AEED09020FB0ECB002498D6 /* Frameworks */,
				1AEED09120FB0ECB002498D6 /* Resources */,
			);
			buildRules = (
			);
			dependencies = (
				1AEED09520FB0ECB002498D6 /* PBXTargetDependency */,
			);
			name = appworkUITests;
			productName = appworkUITests;
			productReference = 1AEED09320FB0ECB002498D6 /* appworkUITests.xctest */;
			productType = "com.apple.product-type.bundle.ui-testing";
		};
/* End PBXNativeTarget section */

/* Begin PBXProject section */
		1AEED06C20FB0EC7002498D6 /* Project object */ = {
			isa = PBXProject;
			attributes = {
				LastSwiftUpdateCheck = 0940;
				LastUpgradeCheck = 0940;
				ORGANIZATIONNAME = "James Lau";
				TargetAttributes = {
					1AEED07320FB0EC7002498D6 = {
						CreatedOnToolsVersion = 9.4.1;
					};
					1AEED08720FB0ECB002498D6 = {
						CreatedOnToolsVersion = 9.4.1;
						TestTargetID = 1AEED07320FB0EC7002498D6;
					};
					1AEED09220FB0ECB002498D6 = {
						CreatedOnToolsVersion = 9.4.1;
						TestTargetID = 1AEED07320FB0EC7002498D6;
					};
				};
			};
			buildConfigurationList = 1AEED06F20FB0EC7002498D6 /* Build configuration list for PBXProject "appwork" */;
			compatibilityVersion = "Xcode 9.3";
			developmentRegion = en;
			hasScannedForEncodings = 0;
			knownRegions = (
				en,
				Base,
			);
			mainGroup = 1AEED06B20FB0EC7002498D6;
			productRefGroup = 1AEED07520FB0EC7002498D6 /* Products */;
			projectDirPath = "";
			projectRoot = "";
			targets = (
				1AEED07320FB0EC7002498D6 /* appwork */,
				1AEED08720FB0ECB002498D6 /* appworkTests */,
				1AEED09220FB0ECB002498D6 /* appworkUITests */,
			);
		};
/* End PBXProject section */

/* Begin PBXResourcesBuildPhase section */
		1AEED07220FB0EC7002498D6 /* Resources */ = {
			isa = PBXResourcesBuildPhase;
			buildActionMask = 2147483647;
			files = (
				1AEED08220FB0ECB002498D6 /* LaunchScreen.storyboard in Resources */,
				1AEED0A620FB2437002498D6 /* GoogleService-Info.plist in Resources */,
				1AEED07F20FB0ECB002498D6 /* Assets.xcassets in Resources */,
				1AEED07D20FB0EC7002498D6 /* Main.storyboard in Resources */,
			);
			runOnlyForDeploymentPostprocessing = 0;
		};
		1AEED08620FB0ECB002498D6 /* Resources */ = {
			isa = PBXResourcesBuildPhase;
			buildActionMask = 2147483647;
			files = (
				1AEED0A720FB2437002498D6 /* GoogleService-Info.plist in Resources */,
			);
			runOnlyForDeploymentPostprocessing = 0;
		};
		1AEED09120FB0ECB002498D6 /* Resources */ = {
			isa = PBXResourcesBuildPhase;
			buildActionMask = 2147483647;
			files = (
				1AEED0A820FB2437002498D6 /* GoogleService-Info.plist in Resources */,
			);
			runOnlyForDeploymentPostprocessing = 0;
		};
/* End PBXResourcesBuildPhase section */

/* Begin PBXShellScriptBuildPhase section */
		002E403F4491A116B6CADC62 /* [CP] Embed Pods Frameworks */ = {
			isa = PBXShellScriptBuildPhase;
			buildActionMask = 2147483647;
			files = (
			);
			inputPaths = (
				"${SRCROOT}/Pods/Target Support Files/Pods-appwork/Pods-appwork-frameworks.sh",
				"${BUILT_PRODUCTS_DIR}/GoogleToolboxForMac/GoogleToolboxForMac.framework",
				"${BUILT_PRODUCTS_DIR}/nanopb/nanopb.framework",
			);
			name = "[CP] Embed Pods Frameworks";
			outputPaths = (
				"${TARGET_BUILD_DIR}/${FRAMEWORKS_FOLDER_PATH}/GoogleToolboxForMac.framework",
				"${TARGET_BUILD_DIR}/${FRAMEWORKS_FOLDER_PATH}/nanopb.framework",
			);
			runOnlyForDeploymentPostprocessing = 0;
			shellPath = /bin/sh;
			shellScript = "\"${SRCROOT}/Pods/Target Support Files/Pods-appwork/Pods-appwork-frameworks.sh\"\n";
			showEnvVarsInLog = 0;
		};
		2B77BB0B70ED375E18FDE158 /* [CP] Check Pods Manifest.lock */ = {
			isa = PBXShellScriptBuildPhase;
			buildActionMask = 2147483647;
			files = (
			);
			inputPaths = (
				"${PODS_PODFILE_DIR_PATH}/Podfile.lock",
				"${PODS_ROOT}/Manifest.lock",
			);
			name = "[CP] Check Pods Manifest.lock";
			outputPaths = (
				"$(DERIVED_FILE_DIR)/Pods-appwork-checkManifestLockResult.txt",
			);
			runOnlyForDeploymentPostprocessing = 0;
			shellPath = /bin/sh;
			shellScript = "diff \"${PODS_PODFILE_DIR_PATH}/Podfile.lock\" \"${PODS_ROOT}/Manifest.lock\" > /dev/null\nif [ $? != 0 ] ; then\n    # print error to STDERR\n    echo \"error: The sandbox is not in sync with the Podfile.lock. Run 'pod install' or update your CocoaPods installation.\" >&2\n    exit 1\nfi\n# This output is used by Xcode 'outputs' to avoid re-running this script phase.\necho \"SUCCESS\" > \"${SCRIPT_OUTPUT_FILE_0}\"\n";
			showEnvVarsInLog = 0;
		};
		47836F63928A287315E129E7 /* [CP] Check Pods Manifest.lock */ = {
			isa = PBXShellScriptBuildPhase;
			buildActionMask = 2147483647;
			files = (
			);
			inputPaths = (
				"${PODS_PODFILE_DIR_PATH}/Podfile.lock",
				"${PODS_ROOT}/Manifest.lock",
			);
			name = "[CP] Check Pods Manifest.lock";
			outputPaths = (
				"$(DERIVED_FILE_DIR)/Pods-appworkUITests-checkManifestLockResult.txt",
			);
			runOnlyForDeploymentPostprocessing = 0;
			shellPath = /bin/sh;
			shellScript = "diff \"${PODS_PODFILE_DIR_PATH}/Podfile.lock\" \"${PODS_ROOT}/Manifest.lock\" > /dev/null\nif [ $? != 0 ] ; then\n    # print error to STDERR\n    echo \"error: The sandbox is not in sync with the Podfile.lock. Run 'pod install' or update your CocoaPods installation.\" >&2\n    exit 1\nfi\n# This output is used by Xcode 'outputs' to avoid re-running this script phase.\necho \"SUCCESS\" > \"${SCRIPT_OUTPUT_FILE_0}\"\n";
			showEnvVarsInLog = 0;
		};
		590BCE1BA5FFFE9D1ACF9CA6 /* [CP] Check Pods Manifest.lock */ = {
			isa = PBXShellScriptBuildPhase;
			buildActionMask = 2147483647;
			files = (
			);
			inputPaths = (
				"${PODS_PODFILE_DIR_PATH}/Podfile.lock",
				"${PODS_ROOT}/Manifest.lock",
			);
			name = "[CP] Check Pods Manifest.lock";
			outputPaths = (
				"$(DERIVED_FILE_DIR)/Pods-appworkTests-checkManifestLockResult.txt",
			);
			runOnlyForDeploymentPostprocessing = 0;
			shellPath = /bin/sh;
			shellScript = "diff \"${PODS_PODFILE_DIR_PATH}/Podfile.lock\" \"${PODS_ROOT}/Manifest.lock\" > /dev/null\nif [ $? != 0 ] ; then\n    # print error to STDERR\n    echo \"error: The sandbox is not in sync with the Podfile.lock. Run 'pod install' or update your CocoaPods installation.\" >&2\n    exit 1\nfi\n# This output is used by Xcode 'outputs' to avoid re-running this script phase.\necho \"SUCCESS\" > \"${SCRIPT_OUTPUT_FILE_0}\"\n";
			showEnvVarsInLog = 0;
		};
/* End PBXShellScriptBuildPhase section */

/* Begin PBXSourcesBuildPhase section */
		1AEED07020FB0EC7002498D6 /* Sources */ = {
			isa = PBXSourcesBuildPhase;
			buildActionMask = 2147483647;
			files = (
				1AEED07A20FB0EC7002498D6 /* ViewController.swift in Sources */,
				1AEED07820FB0EC7002498D6 /* AppDelegate.swift in Sources */,
			);
			runOnlyForDeploymentPostprocessing = 0;
		};
		1AEED08420FB0ECB002498D6 /* Sources */ = {
			isa = PBXSourcesBuildPhase;
			buildActionMask = 2147483647;
			files = (
				1AEED08D20FB0ECB002498D6 /* appworkTests.swift in Sources */,
			);
			runOnlyForDeploymentPostprocessing = 0;
		};
		1AEED08F20FB0ECB002498D6 /* Sources */ = {
			isa = PBXSourcesBuildPhase;
			buildActionMask = 2147483647;
			files = (
				1AEED09820FB0ECB002498D6 /* appworkUITests.swift in Sources */,
			);
			runOnlyForDeploymentPostprocessing = 0;
		};
/* End PBXSourcesBuildPhase section */

/* Begin PBXTargetDependency section */
		1AEED08A20FB0ECB002498D6 /* PBXTargetDependency */ = {
			isa = PBXTargetDependency;
			target = 1AEED07320FB0EC7002498D6 /* appwork */;
			targetProxy = 1AEED08920FB0ECB002498D6 /* PBXContainerItemProxy */;
		};
		1AEED09520FB0ECB002498D6 /* PBXTargetDependency */ = {
			isa = PBXTargetDependency;
			target = 1AEED07320FB0EC7002498D6 /* appwork */;
			targetProxy = 1AEED09420FB0ECB002498D6 /* PBXContainerItemProxy */;
		};
/* End PBXTargetDependency section */

/* Begin PBXVariantGroup section */
		1AEED07B20FB0EC7002498D6 /* Main.storyboard */ = {
			isa = PBXVariantGroup;
			children = (
				1AEED07C20FB0EC7002498D6 /* Base */,
			);
			name = Main.storyboard;
			sourceTree = "<group>";
		};
		1AEED08020FB0ECB002498D6 /* LaunchScreen.storyboard */ = {
			isa = PBXVariantGroup;
			children = (
				1AEED08120FB0ECB002498D6 /* Base */,
			);
			name = LaunchScreen.storyboard;
			sourceTree = "<group>";
		};
/* End PBXVariantGroup section */

/* Begin XCBuildConfiguration section */
		1AEED09A20FB0ECB002498D6 /* Debug */ = {
			isa = XCBuildConfiguration;
			buildSettings = {
				ALWAYS_SEARCH_USER_PATHS = NO;
				CLANG_ANALYZER_NONNULL = YES;
				CLANG_ANALYZER_NUMBER_OBJECT_CONVERSION = YES_AGGRESSIVE;
				CLANG_CXX_LANGUAGE_STANDARD = "gnu++14";
				CLANG_CXX_LIBRARY = "libc++";
				CLANG_ENABLE_MODULES = YES;
				CLANG_ENABLE_OBJC_ARC = YES;
				CLANG_ENABLE_OBJC_WEAK = YES;
				CLANG_WARN_BLOCK_CAPTURE_AUTORELEASING = YES;
				CLANG_WARN_BOOL_CONVERSION = YES;
				CLANG_WARN_COMMA = YES;
				CLANG_WARN_CONSTANT_CONVERSION = YES;
				CLANG_WARN_DEPRECATED_OBJC_IMPLEMENTATIONS = YES;
				CLANG_WARN_DIRECT_OBJC_ISA_USAGE = YES_ERROR;
				CLANG_WARN_DOCUMENTATION_COMMENTS = YES;
				CLANG_WARN_EMPTY_BODY = YES;
				CLANG_WARN_ENUM_CONVERSION = YES;
				CLANG_WARN_INFINITE_RECURSION = YES;
				CLANG_WARN_INT_CONVERSION = YES;
				CLANG_WARN_NON_LITERAL_NULL_CONVERSION = YES;
				CLANG_WARN_OBJC_IMPLICIT_RETAIN_SELF = YES;
				CLANG_WARN_OBJC_LITERAL_CONVERSION = YES;
				CLANG_WARN_OBJC_ROOT_CLASS = YES_ERROR;
				CLANG_WARN_RANGE_LOOP_ANALYSIS = YES;
				CLANG_WARN_STRICT_PROTOTYPES = YES;
				CLANG_WARN_SUSPICIOUS_MOVE = YES;
				CLANG_WARN_UNGUARDED_AVAILABILITY = YES_AGGRESSIVE;
				CLANG_WARN_UNREACHABLE_CODE = YES;
				CLANG_WARN__DUPLICATE_METHOD_MATCH = YES;
				CODE_SIGN_IDENTITY = "iPhone Developer";
				COPY_PHASE_STRIP = NO;
				DEBUG_INFORMATION_FORMAT = dwarf;
				ENABLE_STRICT_OBJC_MSGSEND = YES;
				ENABLE_TESTABILITY = YES;
				GCC_C_LANGUAGE_STANDARD = gnu11;
				GCC_DYNAMIC_NO_PIC = NO;
				GCC_NO_COMMON_BLOCKS = YES;
				GCC_OPTIMIZATION_LEVEL = 0;
				GCC_PREPROCESSOR_DEFINITIONS = (
					"DEBUG=1",
					"$(inherited)",
				);
				GCC_WARN_64_TO_32_BIT_CONVERSION = YES;
				GCC_WARN_ABOUT_RETURN_TYPE = YES_ERROR;
				GCC_WARN_UNDECLARED_SELECTOR = YES;
				GCC_WARN_UNINITIALIZED_AUTOS = YES_AGGRESSIVE;
				GCC_WARN_UNUSED_FUNCTION = YES;
				GCC_WARN_UNUSED_VARIABLE = YES;
				IPHONEOS_DEPLOYMENT_TARGET = 11.4;
				MTL_ENABLE_DEBUG_INFO = YES;
				ONLY_ACTIVE_ARCH = YES;
				SDKROOT = iphoneos;
				SWIFT_ACTIVE_COMPILATION_CONDITIONS = DEBUG;
				SWIFT_OPTIMIZATION_LEVEL = "-Onone";
			};
			name = Debug;
		};
		1AEED09B20FB0ECB002498D6 /* Release */ = {
			isa = XCBuildConfiguration;
			buildSettings = {
				ALWAYS_SEARCH_USER_PATHS = NO;
				CLANG_ANALYZER_NONNULL = YES;
				CLANG_ANALYZER_NUMBER_OBJECT_CONVERSION = YES_AGGRESSIVE;
				CLANG_CXX_LANGUAGE_STANDARD = "gnu++14";
				CLANG_CXX_LIBRARY = "libc++";
				CLANG_ENABLE_MODULES = YES;
				CLANG_ENABLE_OBJC_ARC = YES;
				CLANG_ENABLE_OBJC_WEAK = YES;
				CLANG_WARN_BLOCK_CAPTURE_AUTORELEASING = YES;
				CLANG_WARN_BOOL_CONVERSION = YES;
				CLANG_WARN_COMMA = YES;
				CLANG_WARN_CONSTANT_CONVERSION = YES;
				CLANG_WARN_DEPRECATED_OBJC_IMPLEMENTATIONS = YES;
				CLANG_WARN_DIRECT_OBJC_ISA_USAGE = YES_ERROR;
				CLANG_WARN_DOCUMENTATION_COMMENTS = YES;
				CLANG_WARN_EMPTY_BODY = YES;
				CLANG_WARN_ENUM_CONVERSION = YES;
				CLANG_WARN_INFINITE_RECURSION = YES;
				CLANG_WARN_INT_CONVERSION = YES;
				CLANG_WARN_NON_LITERAL_NULL_CONVERSION = YES;
				CLANG_WARN_OBJC_IMPLICIT_RETAIN_SELF = YES;
				CLANG_WARN_OBJC_LITERAL_CONVERSION = YES;
				CLANG_WARN_OBJC_ROOT_CLASS = YES_ERROR;
				CLANG_WARN_RANGE_LOOP_ANALYSIS = YES;
				CLANG_WARN_STRICT_PROTOTYPES = YES;
				CLANG_WARN_SUSPICIOUS_MOVE = YES;
				CLANG_WARN_UNGUARDED_AVAILABILITY = YES_AGGRESSIVE;
				CLANG_WARN_UNREACHABLE_CODE = YES;
				CLANG_WARN__DUPLICATE_METHOD_MATCH = YES;
				CODE_SIGN_IDENTITY = "iPhone Developer";
				COPY_PHASE_STRIP = NO;
				DEBUG_INFORMATION_FORMAT = "dwarf-with-dsym";
				ENABLE_NS_ASSERTIONS = NO;
				ENABLE_STRICT_OBJC_MSGSEND = YES;
				GCC_C_LANGUAGE_STANDARD = gnu11;
				GCC_NO_COMMON_BLOCKS = YES;
				GCC_WARN_64_TO_32_BIT_CONVERSION = YES;
				GCC_WARN_ABOUT_RETURN_TYPE = YES_ERROR;
				GCC_WARN_UNDECLARED_SELECTOR = YES;
				GCC_WARN_UNINITIALIZED_AUTOS = YES_AGGRESSIVE;
				GCC_WARN_UNUSED_FUNCTION = YES;
				GCC_WARN_UNUSED_VARIABLE = YES;
				IPHONEOS_DEPLOYMENT_TARGET = 11.4;
				MTL_ENABLE_DEBUG_INFO = NO;
				SDKROOT = iphoneos;
				SWIFT_COMPILATION_MODE = wholemodule;
				SWIFT_OPTIMIZATION_LEVEL = "-O";
				VALIDATE_PRODUCT = YES;
			};
			name = Release;
		};
		1AEED09D20FB0ECB002498D6 /* Debug */ = {
			isa = XCBuildConfiguration;
			baseConfigurationReference = B34788F0EA81D763A5BCA7A7 /* Pods-appwork.debug.xcconfig */;
			buildSettings = {
				ASSETCATALOG_COMPILER_APPICON_NAME = AppIcon;
				CODE_SIGN_STYLE = Automatic;
				INFOPLIST_FILE = appwork/Info.plist;
				LD_RUNPATH_SEARCH_PATHS = (
					"$(inherited)",
					"@executable_path/Frameworks",
				);
				PRODUCT_BUNDLE_IDENTIFIER = random.appwork;
				PRODUCT_NAME = "$(TARGET_NAME)";
				SWIFT_VERSION = 4.0;
				TARGETED_DEVICE_FAMILY = "1,2";
			};
			name = Debug;
		};
		1AEED09E20FB0ECB002498D6 /* Release */ = {
			isa = XCBuildConfiguration;
			baseConfigurationReference = EAD604E382A67B6B7A066CDB /* Pods-appwork.release.xcconfig */;
			buildSettings = {
				ASSETCATALOG_COMPILER_APPICON_NAME = AppIcon;
				CODE_SIGN_STYLE = Automatic;
				INFOPLIST_FILE = appwork/Info.plist;
				LD_RUNPATH_SEARCH_PATHS = (
					"$(inherited)",
					"@executable_path/Frameworks",
				);
				PRODUCT_BUNDLE_IDENTIFIER = random.appwork;
				PRODUCT_NAME = "$(TARGET_NAME)";
				SWIFT_VERSION = 4.0;
				TARGETED_DEVICE_FAMILY = "1,2";
			};
			name = Release;
		};
		1AEED0A020FB0ECB002498D6 /* Debug */ = {
			isa = XCBuildConfiguration;
			baseConfigurationReference = D0461B0A3A1468547D7B241D /* Pods-appworkTests.debug.xcconfig */;
			buildSettings = {
				ALWAYS_EMBED_SWIFT_STANDARD_LIBRARIES = YES;
				BUNDLE_LOADER = "$(TEST_HOST)";
				CODE_SIGN_STYLE = Automatic;
				INFOPLIST_FILE = appworkTests/Info.plist;
				LD_RUNPATH_SEARCH_PATHS = (
					"$(inherited)",
					"@executable_path/Frameworks",
					"@loader_path/Frameworks",
				);
				PRODUCT_BUNDLE_IDENTIFIER = anews.appworkTests;
				PRODUCT_NAME = "$(TARGET_NAME)";
				SWIFT_VERSION = 4.0;
				TARGETED_DEVICE_FAMILY = "1,2";
				TEST_HOST = "$(BUILT_PRODUCTS_DIR)/appwork.app/appwork";
			};
			name = Debug;
		};
		1AEED0A120FB0ECB002498D6 /* Release */ = {
			isa = XCBuildConfiguration;
			baseConfigurationReference = 5F1E3934B2792276A5E2BD04 /* Pods-appworkTests.release.xcconfig */;
			buildSettings = {
				ALWAYS_EMBED_SWIFT_STANDARD_LIBRARIES = YES;
				BUNDLE_LOADER = "$(TEST_HOST)";
				CODE_SIGN_STYLE = Automatic;
				INFOPLIST_FILE = appworkTests/Info.plist;
				LD_RUNPATH_SEARCH_PATHS = (
					"$(inherited)",
					"@executable_path/Frameworks",
					"@loader_path/Frameworks",
				);
				PRODUCT_BUNDLE_IDENTIFIER = anews.appworkTests;
				PRODUCT_NAME = "$(TARGET_NAME)";
				SWIFT_VERSION = 4.0;
				TARGETED_DEVICE_FAMILY = "1,2";
				TEST_HOST = "$(BUILT_PRODUCTS_DIR)/appwork.app/appwork";
			};
			name = Release;
		};
		1AEED0A320FB0ECB002498D6 /* Debug */ = {
			isa = XCBuildConfiguration;
			baseConfigurationReference = 504B3333E81015E6314068A8 /* Pods-appworkUITests.debug.xcconfig */;
			buildSettings = {
				ALWAYS_EMBED_SWIFT_STANDARD_LIBRARIES = YES;
				CODE_SIGN_STYLE = Automatic;
				INFOPLIST_FILE = appworkUITests/Info.plist;
				LD_RUNPATH_SEARCH_PATHS = (
					"$(inherited)",
					"@executable_path/Frameworks",
					"@loader_path/Frameworks",
				);
				PRODUCT_BUNDLE_IDENTIFIER = anews.appworkUITests;
				PRODUCT_NAME = "$(TARGET_NAME)";
				SWIFT_VERSION = 4.0;
				TARGETED_DEVICE_FAMILY = "1,2";
				TEST_TARGET_NAME = appwork;
			};
			name = Debug;
		};
		1AEED0A420FB0ECB002498D6 /* Release */ = {
			isa = XCBuildConfiguration;
			baseConfigurationReference = 86A58F98B50999D7F932B087 /* Pods-appworkUITests.release.xcconfig */;
			buildSettings = {
				ALWAYS_EMBED_SWIFT_STANDARD_LIBRARIES = YES;
				CODE_SIGN_STYLE = Automatic;
				INFOPLIST_FILE = appworkUITests/Info.plist;
				LD_RUNPATH_SEARCH_PATHS = (
					"$(inherited)",
					"@executable_path/Frameworks",
					"@loader_path/Frameworks",
				);
				PRODUCT_BUNDLE_IDENTIFIER = anews.appworkUITests;
				PRODUCT_NAME = "$(TARGET_NAME)";
				SWIFT_VERSION = 4.0;
				TARGETED_DEVICE_FAMILY = "1,2";
				TEST_TARGET_NAME = appwork;
			};
			name = Release;
		};
/* End XCBuildConfiguration section */

/* Begin XCConfigurationList section */
		1AEED06F20FB0EC7002498D6 /* Build configuration list for PBXProject "appwork" */ = {
			isa = XCConfigurationList;
			buildConfigurations = (
				1AEED09A20FB0ECB002498D6 /* Debug */,
				1AEED09B20FB0ECB002498D6 /* Release */,
			);
			defaultConfigurationIsVisible = 0;
			defaultConfigurationName = Release;
		};
		1AEED09C20FB0ECB002498D6 /* Build configuration list for PBXNativeTarget "appwork" */ = {
			isa = XCConfigurationList;
			buildConfigurations = (
				1AEED09D20FB0ECB002498D6 /* Debug */,
				1AEED09E20FB0ECB002498D6 /* Release */,
			);
			defaultConfigurationIsVisible = 0;
			defaultConfigurationName = Release;
		};
		1AEED09F20FB0ECB002498D6 /* Build configuration list for PBXNativeTarget "appworkTests" */ = {
			isa = XCConfigurationList;
			buildConfigurations = (
				1AEED0A020FB0ECB002498D6 /* Debug */,
				1AEED0A120FB0ECB002498D6 /* Release */,
			);
			defaultConfigurationIsVisible = 0;
			defaultConfigurationName = Release;
		};
		1AEED0A220FB0ECB002498D6 /* Build configuration list for PBXNativeTarget "appworkUITests" */ = {
			isa = XCConfigurationList;
			buildConfigurations = (
				1AEED0A320FB0ECB002498D6 /* Debug */,
				1AEED0A420FB0ECB002498D6 /* Release */,
			);
			defaultConfigurationIsVisible = 0;
			defaultConfigurationName = Release;
		};
/* End XCConfigurationList section */
	};
	rootObject = 1AEED06C20FB0EC7002498D6 /* Project object */;
}
